
Microsoft Visual Studio Solution File, Format Version 12.00
# Visual Studio Version 16
VisualStudioVersion = 16.0.32126.315
MinimumVisualStudioVersion = 10.0.40219.1
Project("{FAE04EC0-301F-11D3-BF4B-00C04F79EFBC}") = "test3", "test3\test3.csproj", "{29EA8476-2212-4E37-825A-710F3EDEEB08}"
EndProject
Project("{FAE04EC0-301F-11D3-BF4B-00C04F79EFBC}") = "PaperHelp.DataAccess", "PaperHelp.DataAccess\PaperHelp.DataAccess.csproj", "{709C5894-3DA1-41D8-9AEE-8C72B7564BCE}"
EndProject
Global
	GlobalSection(SolutionConfigurationPlatforms) = preSolution
		Debug|Any CPU = Debug|Any CPU
		Release|Any CPU = Release|Any CPU
	EndGlobalSection
	GlobalSection(ProjectConfigurationPlatforms) = postSolution
		{29EA8476-2212-4E37-825A-710F3EDEEB08}.Debug|Any CPU.ActiveCfg = Debug|Any CPU
		{29EA8476-2212-4E37-825A-710F3EDEEB08}.Debug|Any CPU.Build.0 = Debug|Any CPU
		{29EA8476-2212-4E37-825A-710F3EDEEB08}.Release|Any CPU.ActiveCfg = Release|Any CPU
		{29EA8476-2212-4E37-825A-710F3EDEEB08}.Release|Any CPU.Build.0 = Release|Any CPU
		{709C5894-3DA1-41D8-9AEE-8C72B7564BCE}.Debug|Any CPU.ActiveCfg = Debug|Any CPU
		{709C5894-3DA1-41D8-9AEE-8C72B7564BCE}.Debug|Any CPU.Build.0 = Debug|Any CPU
		{709C5894-3DA1-41D8-9AEE-8C72B7564BCE}.Release|Any CPU.ActiveCfg = Release|Any CPU
		{709C5894-3DA1-41D8-9AEE-8C72B7564BCE}.Release|Any CPU.Build.0 = Release|Any CPU
	EndGlobalSection
	GlobalSection(SolutionProperties) = preSolution
		HideSolutionNode = FALSE
	EndGlobalSection
	GlobalSection(ExtensibilityGlobals) = postSolution
		SolutionGuid = {E20069ED-D2B0-49BB-953B-FFCC21793BB5}
	EndGlobalSection
EndGlobal
